
Microsoft Visual Studio Solution File, Format Version 12.00
# Visual Studio Version 17
VisualStudioVersion = 17.11.35222.181
MinimumVisualStudioVersion = 10.0.40219.1
Project("{FAE04EC0-301F-11D3-BF4B-00C04F79EFBC}") = "HR_2024", "HR_2024\HR_2024.csproj", "{88187402-C64D-4FC6-AA8F-A6AFF5D155B9}"
EndProject
Project("{FAE04EC0-301F-11D3-BF4B-00C04F79EFBC}") = "HR_2024.Core", "HR_2024.Core\HR_2024.Core.csproj", "{168F86C0-67D6-4654-92D0-5E71349460C3}"
EndProject
Project("{FAE04EC0-301F-11D3-BF4B-00C04F79EFBC}") = "HR_2024.Ef", "HR_2024.Ef\HR_2024.Ef.csproj", "{D4B8E19D-CD02-41EC-A23D-04CFCD752600}"
EndProject
Global
	GlobalSection(SolutionConfigurationPlatforms) = preSolution
		Debug|Any CPU = Debug|Any CPU
		Release|Any CPU = Release|Any CPU
	EndGlobalSection
	GlobalSection(ProjectConfigurationPlatforms) = postSolution
		{88187402-C64D-4FC6-AA8F-A6AFF5D155B9}.Debug|Any CPU.ActiveCfg = Debug|Any CPU
		{88187402-C64D-4FC6-AA8F-A6AFF5D155B9}.Debug|Any CPU.Build.0 = Debug|Any CPU
		{88187402-C64D-4FC6-AA8F-A6AFF5D155B9}.Release|Any CPU.ActiveCfg = Release|Any CPU
		{88187402-C64D-4FC6-AA8F-A6AFF5D155B9}.Release|Any CPU.Build.0 = Release|Any CPU
		{168F86C0-67D6-4654-92D0-5E71349460C3}.Debug|Any CPU.ActiveCfg = Debug|Any CPU
		{168F86C0-67D6-4654-92D0-5E71349460C3}.Debug|Any CPU.Build.0 = Debug|Any CPU
		{168F86C0-67D6-4654-92D0-5E71349460C3}.Release|Any CPU.ActiveCfg = Release|Any CPU
		{168F86C0-67D6-4654-92D0-5E71349460C3}.Release|Any CPU.Build.0 = Release|Any CPU
		{D4B8E19D-CD02-41EC-A23D-04CFCD752600}.Debug|Any CPU.ActiveCfg = Debug|Any CPU
		{D4B8E19D-CD02-41EC-A23D-04CFCD752600}.Debug|Any CPU.Build.0 = Debug|Any CPU
		{D4B8E19D-CD02-41EC-A23D-04CFCD752600}.Release|Any CPU.ActiveCfg = Release|Any CPU
		{D4B8E19D-CD02-41EC-A23D-04CFCD752600}.Release|Any CPU.Build.0 = Release|Any CPU
	EndGlobalSection
	GlobalSection(SolutionProperties) = preSolution
		HideSolutionNode = FALSE
	EndGlobalSection
	GlobalSection(ExtensibilityGlobals) = postSolution
		SolutionGuid = {4D7359D3-736D-47A1-96CB-CF10AF78FBA7}
	EndGlobalSection
EndGlobal
